
Microsoft Visual Studio Solution File, Format Version 11.00
# Visual Studio 2010
Project("{2150E333-8FDC-42A3-9474-1A3956D46DE8}") = "GMap.NET", "GMap.NET", "{775C3C1A-44D3-41F4-9FC6-F83E39D3ABB8}"
EndProject
Project("{2150E333-8FDC-42A3-9474-1A3956D46DE8}") = "Demo", "Demo", "{4071E6E4-D401-4EF2-94B0-6F5257088116}"
EndProject
Project("{2150E333-8FDC-42A3-9474-1A3956D46DE8}") = "Testing", "Testing", "{A24009F2-84ED-4F0A-BC1C-8B05F474986A}"
EndProject
Project("{2150E333-8FDC-42A3-9474-1A3956D46DE8}") = "Info", "Info", "{9EB13FA2-ADB7-4C90-A6DA-18EDFE256273}"
	ProjectSection(SolutionItems) = preProject
		Info\google maps.pdf = Info\google maps.pdf
		Info\License.txt = Info\License.txt
	EndProjectSection
EndProject
Project("{FAE04EC0-301F-11D3-BF4B-00C04F79EFBC}") = "Demo.WindowsForms", "Demo.WindowsForms\Demo.WindowsForms.csproj", "{A2E07A76-8B2C-41A2-B23E-EA31AE94D706}"
EndProject
Project("{FAE04EC0-301F-11D3-BF4B-00C04F79EFBC}") = "Demo.WindowsPresentation", "Demo.WindowsPresentation\Demo.WindowsPresentation.csproj", "{83195AEF-0071-471C-9E8B-E67211F5D028}"
EndProject
Project("{FAE04EC0-301F-11D3-BF4B-00C04F79EFBC}") = "GMap.NET.Core", "GMap.NET.Core\GMap.NET.Core.csproj", "{D0C39D9D-BED0-418B-9A5E-713176CAF40C}"
EndProject
Project("{FAE04EC0-301F-11D3-BF4B-00C04F79EFBC}") = "GMap.NET.WindowsForms", "GMap.NET.WindowsForms\GMap.NET.WindowsForms.csproj", "{E06DEF77-F933-42FB-AFD7-DB2D0D8D6A98}"
EndProject
Project("{FAE04EC0-301F-11D3-BF4B-00C04F79EFBC}") = "GMap.NET.WindowsPresentation", "GMap.NET.WindowsPresentation\GMap.NET.WindowsPresentation.csproj", "{644FE7D4-0184-400F-B2D7-99CB41360658}"
EndProject
Project("{FAE04EC0-301F-11D3-BF4B-00C04F79EFBC}") = "TemplatedBinding", "Testing\TemplatedBinding\TemplatedBinding.csproj", "{C7CD6A76-D941-493F-91F8-6222AB87BECA}"
EndProject
Project("{FAE04EC0-301F-11D3-BF4B-00C04F79EFBC}") = "WPF-GMapControlNew", "Testing\WPF-GMapControlNew\WPF-GMapControlNew.csproj", "{B5A673B4-6286-4150-A536-1C16F3B8DC8B}"
EndProject
Project("{FAE04EC0-301F-11D3-BF4B-00C04F79EFBC}") = "Demo.StreetView", "Testing\Demo.StreetView\Demo.StreetView.csproj", "{B6E411A2-DFD8-461E-8207-BDBA405264CA}"
EndProject
Project("{FAE04EC0-301F-11D3-BF4B-00C04F79EFBC}") = "BigMapMaker", "Testing\BigMapMaker\BigMapMaker.csproj", "{A6E9D42C-935B-44D0-9FB0-E2E0319627D1}"
EndProject
Global
	GlobalSection(SolutionConfigurationPlatforms) = preSolution
		Debug|Any CPU = Debug|Any CPU
		Debug|x86 = Debug|x86
		Release|Any CPU = Release|Any CPU
		Release|x86 = Release|x86
	EndGlobalSection
	GlobalSection(ProjectConfigurationPlatforms) = postSolution
		{A2E07A76-8B2C-41A2-B23E-EA31AE94D706}.Debug|Any CPU.ActiveCfg = Debug|x86
		{A2E07A76-8B2C-41A2-B23E-EA31AE94D706}.Debug|x86.ActiveCfg = Debug|x86
		{A2E07A76-8B2C-41A2-B23E-EA31AE94D706}.Debug|x86.Build.0 = Debug|x86
		{A2E07A76-8B2C-41A2-B23E-EA31AE94D706}.Release|Any CPU.ActiveCfg = Release|x86
		{A2E07A76-8B2C-41A2-B23E-EA31AE94D706}.Release|x86.ActiveCfg = Release|x86
		{A2E07A76-8B2C-41A2-B23E-EA31AE94D706}.Release|x86.Build.0 = Release|x86
		{83195AEF-0071-471C-9E8B-E67211F5D028}.Debug|Any CPU.ActiveCfg = Debug|x86
		{83195AEF-0071-471C-9E8B-E67211F5D028}.Debug|x86.ActiveCfg = Debug|x86
		{83195AEF-0071-471C-9E8B-E67211F5D028}.Debug|x86.Build.0 = Debug|x86
		{83195AEF-0071-471C-9E8B-E67211F5D028}.Release|Any CPU.ActiveCfg = Release|x86
		{83195AEF-0071-471C-9E8B-E67211F5D028}.Release|x86.ActiveCfg = Release|x86
		{83195AEF-0071-471C-9E8B-E67211F5D028}.Release|x86.Build.0 = Release|x86
		{D0C39D9D-BED0-418B-9A5E-713176CAF40C}.Debug|Any CPU.ActiveCfg = Debug|x86
		{D0C39D9D-BED0-418B-9A5E-713176CAF40C}.Debug|x86.ActiveCfg = Debug|x86
		{D0C39D9D-BED0-418B-9A5E-713176CAF40C}.Debug|x86.Build.0 = Debug|x86
		{D0C39D9D-BED0-418B-9A5E-713176CAF40C}.Release|Any CPU.ActiveCfg = Release|x86
		{D0C39D9D-BED0-418B-9A5E-713176CAF40C}.Release|x86.ActiveCfg = Release|x86
		{D0C39D9D-BED0-418B-9A5E-713176CAF40C}.Release|x86.Build.0 = Release|x86
		{E06DEF77-F933-42FB-AFD7-DB2D0D8D6A98}.Debug|Any CPU.ActiveCfg = Debug|x86
		{E06DEF77-F933-42FB-AFD7-DB2D0D8D6A98}.Debug|x86.ActiveCfg = Debug|x86
		{E06DEF77-F933-42FB-AFD7-DB2D0D8D6A98}.Debug|x86.Build.0 = Debug|x86
		{E06DEF77-F933-42FB-AFD7-DB2D0D8D6A98}.Release|Any CPU.ActiveCfg = Release|x86
		{E06DEF77-F933-42FB-AFD7-DB2D0D8D6A98}.Release|x86.ActiveCfg = Release|x86
		{E06DEF77-F933-42FB-AFD7-DB2D0D8D6A98}.Release|x86.Build.0 = Release|x86
		{644FE7D4-0184-400F-B2D7-99CB41360658}.Debug|Any CPU.ActiveCfg = Debug|x86
		{644FE7D4-0184-400F-B2D7-99CB41360658}.Debug|x86.ActiveCfg = Debug|x86
		{644FE7D4-0184-400F-B2D7-99CB41360658}.Debug|x86.Build.0 = Debug|x86
		{644FE7D4-0184-400F-B2D7-99CB41360658}.Release|Any CPU.ActiveCfg = Release|x86
		{644FE7D4-0184-400F-B2D7-99CB41360658}.Release|x86.ActiveCfg = Release|x86
		{644FE7D4-0184-400F-B2D7-99CB41360658}.Release|x86.Build.0 = Release|x86
		{C7CD6A76-D941-493F-91F8-6222AB87BECA}.Debug|Any CPU.ActiveCfg = Debug|x86
		{C7CD6A76-D941-493F-91F8-6222AB87BECA}.Debug|x86.ActiveCfg = Debug|x86
		{C7CD6A76-D941-493F-91F8-6222AB87BECA}.Debug|x86.Build.0 = Debug|x86
		{C7CD6A76-D941-493F-91F8-6222AB87BECA}.Release|Any CPU.ActiveCfg = Release|x86
		{C7CD6A76-D941-493F-91F8-6222AB87BECA}.Release|x86.ActiveCfg = Release|x86
		{C7CD6A76-D941-493F-91F8-6222AB87BECA}.Release|x86.Build.0 = Release|x86
		{B5A673B4-6286-4150-A536-1C16F3B8DC8B}.Debug|Any CPU.ActiveCfg = Debug|x86
		{B5A673B4-6286-4150-A536-1C16F3B8DC8B}.Debug|x86.ActiveCfg = Debug|x86
		{B5A673B4-6286-4150-A536-1C16F3B8DC8B}.Debug|x86.Build.0 = Debug|x86
		{B5A673B4-6286-4150-A536-1C16F3B8DC8B}.Release|Any CPU.ActiveCfg = Release|x86
		{B5A673B4-6286-4150-A536-1C16F3B8DC8B}.Release|x86.ActiveCfg = Release|x86
		{B5A673B4-6286-4150-A536-1C16F3B8DC8B}.Release|x86.Build.0 = Release|x86
		{B6E411A2-DFD8-461E-8207-BDBA405264CA}.Debug|Any CPU.ActiveCfg = Debug|Any CPU
		{B6E411A2-DFD8-461E-8207-BDBA405264CA}.Debug|Any CPU.Build.0 = Debug|Any CPU
		{B6E411A2-DFD8-461E-8207-BDBA405264CA}.Debug|x86.ActiveCfg = Debug|x86
		{B6E411A2-DFD8-461E-8207-BDBA405264CA}.Debug|x86.Build.0 = Debug|x86
		{B6E411A2-DFD8-461E-8207-BDBA405264CA}.Release|Any CPU.ActiveCfg = Release|Any CPU
		{B6E411A2-DFD8-461E-8207-BDBA405264CA}.Release|Any CPU.Build.0 = Release|Any CPU
		{B6E411A2-DFD8-461E-8207-BDBA405264CA}.Release|x86.ActiveCfg = Release|x86
		{B6E411A2-DFD8-461E-8207-BDBA405264CA}.Release|x86.Build.0 = Release|x86
		{A6E9D42C-935B-44D0-9FB0-E2E0319627D1}.Debug|Any CPU.ActiveCfg = Debug|x86
		{A6E9D42C-935B-44D0-9FB0-E2E0319627D1}.Debug|x86.ActiveCfg = Debug|x86
		{A6E9D42C-935B-44D0-9FB0-E2E0319627D1}.Debug|x86.Build.0 = Debug|x86
		{A6E9D42C-935B-44D0-9FB0-E2E0319627D1}.Release|Any CPU.ActiveCfg = Release|x86
		{A6E9D42C-935B-44D0-9FB0-E2E0319627D1}.Release|x86.ActiveCfg = Release|x86
		{A6E9D42C-935B-44D0-9FB0-E2E0319627D1}.Release|x86.Build.0 = Release|x86
	EndGlobalSection
	GlobalSection(SolutionProperties) = preSolution
		HideSolutionNode = FALSE
	EndGlobalSection
	GlobalSection(NestedProjects) = preSolution
		{D0C39D9D-BED0-418B-9A5E-713176CAF40C} = {775C3C1A-44D3-41F4-9FC6-F83E39D3ABB8}
		{E06DEF77-F933-42FB-AFD7-DB2D0D8D6A98} = {775C3C1A-44D3-41F4-9FC6-F83E39D3ABB8}
		{644FE7D4-0184-400F-B2D7-99CB41360658} = {775C3C1A-44D3-41F4-9FC6-F83E39D3ABB8}
		{A2E07A76-8B2C-41A2-B23E-EA31AE94D706} = {4071E6E4-D401-4EF2-94B0-6F5257088116}
		{83195AEF-0071-471C-9E8B-E67211F5D028} = {4071E6E4-D401-4EF2-94B0-6F5257088116}
		{C7CD6A76-D941-493F-91F8-6222AB87BECA} = {A24009F2-84ED-4F0A-BC1C-8B05F474986A}
		{B5A673B4-6286-4150-A536-1C16F3B8DC8B} = {A24009F2-84ED-4F0A-BC1C-8B05F474986A}
		{B6E411A2-DFD8-461E-8207-BDBA405264CA} = {A24009F2-84ED-4F0A-BC1C-8B05F474986A}
		{A6E9D42C-935B-44D0-9FB0-E2E0319627D1} = {A24009F2-84ED-4F0A-BC1C-8B05F474986A}
	EndGlobalSection
EndGlobal
