
Microsoft Visual Studio Solution File, Format Version 12.00
# Visual Studio 14
VisualStudioVersion = 14.0.25123.0
MinimumVisualStudioVersion = 10.0.40219.1
Project("{2150E333-8FDC-42A3-9474-1A3956D46DE8}") = "GMap.NET", "GMap.NET", "{775C3C1A-44D3-41F4-9FC6-F83E39D3ABB8}"
EndProject
Project("{2150E333-8FDC-42A3-9474-1A3956D46DE8}") = "Demo", "Demo", "{4071E6E4-D401-4EF2-94B0-6F5257088116}"
EndProject
Project("{2150E333-8FDC-42A3-9474-1A3956D46DE8}") = "Testing", "Testing", "{A24009F2-84ED-4F0A-BC1C-8B05F474986A}"
EndProject
Project("{2150E333-8FDC-42A3-9474-1A3956D46DE8}") = "Info", "Info", "{9EB13FA2-ADB7-4C90-A6DA-18EDFE256273}"
	ProjectSection(SolutionItems) = preProject
		Info\google maps.pdf = Info\google maps.pdf
		Info\License.txt = Info\License.txt
	EndProjectSection
EndProject
Project("{2150E333-8FDC-42A3-9474-1A3956D46DE8}") = "Setup", "Setup", "{BA76BAF9-B8BB-46B3-89D2-3087524D80B0}"
EndProject
Project("{2150E333-8FDC-42A3-9474-1A3956D46DE8}") = "Silverlight", "Silverlight", "{37520277-6F32-4663-A126-9E185F23C8E1}"
EndProject
Project("{2150E333-8FDC-42A3-9474-1A3956D46DE8}") = "Tools", "Tools", "{E51E18A0-B3C2-49AF-9307-E2451D8DA843}"
EndProject
Project("{FAE04EC0-301F-11D3-BF4B-00C04F79EFBC}") = "Demo.WindowsForms", "Demo.WindowsForms\Demo.WindowsForms.csproj", "{A2E07A76-8B2C-41A2-B23E-EA31AE94D706}"
EndProject
Project("{FAE04EC0-301F-11D3-BF4B-00C04F79EFBC}") = "Demo.WindowsPresentation", "Demo.WindowsPresentation\Demo.WindowsPresentation.csproj", "{83195AEF-0071-471C-9E8B-E67211F5D028}"
EndProject
Project("{FAE04EC0-301F-11D3-BF4B-00C04F79EFBC}") = "GMap.NET.Core", "GMap.NET.Core\GMap.NET.Core.csproj", "{D0C39D9D-BED0-418B-9A5E-713176CAF40C}"
EndProject
Project("{FAE04EC0-301F-11D3-BF4B-00C04F79EFBC}") = "GMap.NET.WindowsForms", "GMap.NET.WindowsForms\GMap.NET.WindowsForms.csproj", "{E06DEF77-F933-42FB-AFD7-DB2D0D8D6A98}"
EndProject
Project("{FAE04EC0-301F-11D3-BF4B-00C04F79EFBC}") = "GMap.NET.WindowsPresentation", "GMap.NET.WindowsPresentation\GMap.NET.WindowsPresentation.csproj", "{644FE7D4-0184-400F-B2D7-99CB41360658}"
EndProject
Project("{FAE04EC0-301F-11D3-BF4B-00C04F79EFBC}") = "TemplatedBinding", "Testing\TemplatedBinding\TemplatedBinding.csproj", "{C7CD6A76-D941-493F-91F8-6222AB87BECA}"
EndProject
Project("{FAE04EC0-301F-11D3-BF4B-00C04F79EFBC}") = "Demo.StreetView", "Testing\Demo.StreetView\Demo.StreetView.csproj", "{B6E411A2-DFD8-461E-8207-BDBA405264CA}"
EndProject
Project("{FAE04EC0-301F-11D3-BF4B-00C04F79EFBC}") = "BigMapMaker", "Testing\BigMapMaker\BigMapMaker.csproj", "{A6E9D42C-935B-44D0-9FB0-E2E0319627D1}"
EndProject
Project("{FAE04EC0-301F-11D3-BF4B-00C04F79EFBC}") = "Demo.Clouds", "Testing\Demo.Clouds\Demo.Clouds.csproj", "{097FA134-51A5-4801-AADD-A1914EAA32FF}"
EndProject
Project("{FAE04EC0-301F-11D3-BF4B-00C04F79EFBC}") = "GMap.NET - Hot Build", "Setup\GMap.NET - Hot Build\GMap.NET - Hot Build.csproj", "{C5E9D4B5-F9A8-4414-9B17-5A70DC2705C0}"
EndProject
Project("{FAE04EC0-301F-11D3-BF4B-00C04F79EFBC}") = "Demo.Docking", "Testing\Demo.Docking\Demo.Docking.csproj", "{F729FF99-2991-4819-9855-7CD7A1199089}"
EndProject
Project("{FAE04EC0-301F-11D3-BF4B-00C04F79EFBC}") = "ConsoleApplication", "Testing\ConsoleApplication\ConsoleApplication.csproj", "{448B761F-C033-447D-93D5-F4380A7DB0E2}"
EndProject
Project("{FAE04EC0-301F-11D3-BF4B-00C04F79EFBC}") = "BingWpfFusion", "Testing\BingWpfFusion\BingWpfFusion.csproj", "{5D39D68B-571F-4CB6-9909-AF58FD7B562F}"
EndProject
Project("{FAE04EC0-301F-11D3-BF4B-00C04F79EFBC}") = "SilverlightMapFusion", "Testing\Silverlight\SilverlightMapFusion\SilverlightMapFusion.csproj", "{9407D648-C4FC-4A84-821A-F5275E10FA1E}"
EndProject
Project("{FAE04EC0-301F-11D3-BF4B-00C04F79EFBC}") = "SilverlightMapFusion.Web", "Testing\Silverlight\SilverlightMapFusion.Web\SilverlightMapFusion.Web.csproj", "{127D3FB1-5E4A-41F3-9B19-6FA67A3DDCA3}"
EndProject
Project("{FAE04EC0-301F-11D3-BF4B-00C04F79EFBC}") = "MvcMapFusion", "Testing\MvcMapFusion\MvcMapFusion.csproj", "{D9756CE8-3C3B-46A6-916F-CB40E4E35978}"
EndProject
Project("{FAE04EC0-301F-11D3-BF4B-00C04F79EFBC}") = "MapCruncher", "Tools\MapCruncher\MapCruncher.csproj", "{052662DD-CAA7-4E24-98DE-16E51EFE0053}"
EndProject
Global
	GlobalSection(SolutionConfigurationPlatforms) = preSolution
		Debug|Any CPU = Debug|Any CPU
		Release|Any CPU = Release|Any CPU
		v4.0-Debug|Any CPU = v4.0-Debug|Any CPU
		v4.0-Release|Any CPU = v4.0-Release|Any CPU
	EndGlobalSection
	GlobalSection(ProjectConfigurationPlatforms) = postSolution
		{A2E07A76-8B2C-41A2-B23E-EA31AE94D706}.Debug|Any CPU.ActiveCfg = Debug|Any CPU
		{A2E07A76-8B2C-41A2-B23E-EA31AE94D706}.Debug|Any CPU.Build.0 = Debug|Any CPU
		{A2E07A76-8B2C-41A2-B23E-EA31AE94D706}.Release|Any CPU.ActiveCfg = Release|Any CPU
		{A2E07A76-8B2C-41A2-B23E-EA31AE94D706}.Release|Any CPU.Build.0 = Release|Any CPU
		{A2E07A76-8B2C-41A2-B23E-EA31AE94D706}.v4.0-Debug|Any CPU.ActiveCfg = v4.0-Debug|Any CPU
		{A2E07A76-8B2C-41A2-B23E-EA31AE94D706}.v4.0-Debug|Any CPU.Build.0 = v4.0-Debug|Any CPU
		{A2E07A76-8B2C-41A2-B23E-EA31AE94D706}.v4.0-Release|Any CPU.ActiveCfg = v4.0-Release|Any CPU
		{A2E07A76-8B2C-41A2-B23E-EA31AE94D706}.v4.0-Release|Any CPU.Build.0 = v4.0-Release|Any CPU
		{83195AEF-0071-471C-9E8B-E67211F5D028}.Debug|Any CPU.ActiveCfg = Debug|Any CPU
		{83195AEF-0071-471C-9E8B-E67211F5D028}.Debug|Any CPU.Build.0 = Debug|Any CPU
		{83195AEF-0071-471C-9E8B-E67211F5D028}.Release|Any CPU.ActiveCfg = Release|Any CPU
		{83195AEF-0071-471C-9E8B-E67211F5D028}.Release|Any CPU.Build.0 = Release|Any CPU
		{83195AEF-0071-471C-9E8B-E67211F5D028}.v4.0-Debug|Any CPU.ActiveCfg = v4.0-Debug|Any CPU
		{83195AEF-0071-471C-9E8B-E67211F5D028}.v4.0-Debug|Any CPU.Build.0 = v4.0-Debug|Any CPU
		{83195AEF-0071-471C-9E8B-E67211F5D028}.v4.0-Release|Any CPU.ActiveCfg = v4.0-Release|Any CPU
		{83195AEF-0071-471C-9E8B-E67211F5D028}.v4.0-Release|Any CPU.Build.0 = v4.0-Release|Any CPU
		{D0C39D9D-BED0-418B-9A5E-713176CAF40C}.Debug|Any CPU.ActiveCfg = Debug|Any CPU
		{D0C39D9D-BED0-418B-9A5E-713176CAF40C}.Debug|Any CPU.Build.0 = Debug|Any CPU
		{D0C39D9D-BED0-418B-9A5E-713176CAF40C}.Release|Any CPU.ActiveCfg = Release|Any CPU
		{D0C39D9D-BED0-418B-9A5E-713176CAF40C}.Release|Any CPU.Build.0 = Release|Any CPU
		{D0C39D9D-BED0-418B-9A5E-713176CAF40C}.v4.0-Debug|Any CPU.ActiveCfg = v4.0-Debug|Any CPU
		{D0C39D9D-BED0-418B-9A5E-713176CAF40C}.v4.0-Debug|Any CPU.Build.0 = v4.0-Debug|Any CPU
		{D0C39D9D-BED0-418B-9A5E-713176CAF40C}.v4.0-Release|Any CPU.ActiveCfg = v4.0-Release|Any CPU
		{D0C39D9D-BED0-418B-9A5E-713176CAF40C}.v4.0-Release|Any CPU.Build.0 = v4.0-Release|Any CPU
		{E06DEF77-F933-42FB-AFD7-DB2D0D8D6A98}.Debug|Any CPU.ActiveCfg = Debug|Any CPU
		{E06DEF77-F933-42FB-AFD7-DB2D0D8D6A98}.Debug|Any CPU.Build.0 = Debug|Any CPU
		{E06DEF77-F933-42FB-AFD7-DB2D0D8D6A98}.Release|Any CPU.ActiveCfg = Release|Any CPU
		{E06DEF77-F933-42FB-AFD7-DB2D0D8D6A98}.Release|Any CPU.Build.0 = Release|Any CPU
		{E06DEF77-F933-42FB-AFD7-DB2D0D8D6A98}.v4.0-Debug|Any CPU.ActiveCfg = v4.0-Debug|Any CPU
		{E06DEF77-F933-42FB-AFD7-DB2D0D8D6A98}.v4.0-Debug|Any CPU.Build.0 = v4.0-Debug|Any CPU
		{E06DEF77-F933-42FB-AFD7-DB2D0D8D6A98}.v4.0-Release|Any CPU.ActiveCfg = v4.0-Release|Any CPU
		{E06DEF77-F933-42FB-AFD7-DB2D0D8D6A98}.v4.0-Release|Any CPU.Build.0 = v4.0-Release|Any CPU
		{644FE7D4-0184-400F-B2D7-99CB41360658}.Debug|Any CPU.ActiveCfg = Debug|Any CPU
		{644FE7D4-0184-400F-B2D7-99CB41360658}.Debug|Any CPU.Build.0 = Debug|Any CPU
		{644FE7D4-0184-400F-B2D7-99CB41360658}.Release|Any CPU.ActiveCfg = Release|Any CPU
		{644FE7D4-0184-400F-B2D7-99CB41360658}.Release|Any CPU.Build.0 = Release|Any CPU
		{644FE7D4-0184-400F-B2D7-99CB41360658}.v4.0-Debug|Any CPU.ActiveCfg = v4.0-Debug|Any CPU
		{644FE7D4-0184-400F-B2D7-99CB41360658}.v4.0-Debug|Any CPU.Build.0 = v4.0-Debug|Any CPU
		{644FE7D4-0184-400F-B2D7-99CB41360658}.v4.0-Release|Any CPU.ActiveCfg = v4.0-Release|Any CPU
		{644FE7D4-0184-400F-B2D7-99CB41360658}.v4.0-Release|Any CPU.Build.0 = v4.0-Release|Any CPU
		{C7CD6A76-D941-493F-91F8-6222AB87BECA}.Debug|Any CPU.ActiveCfg = Debug|Any CPU
		{C7CD6A76-D941-493F-91F8-6222AB87BECA}.Release|Any CPU.ActiveCfg = Release|Any CPU
		{C7CD6A76-D941-493F-91F8-6222AB87BECA}.v4.0-Debug|Any CPU.ActiveCfg = v4.0-Debug|Any CPU
		{C7CD6A76-D941-493F-91F8-6222AB87BECA}.v4.0-Release|Any CPU.ActiveCfg = v4.0-Release|Any CPU
		{B6E411A2-DFD8-461E-8207-BDBA405264CA}.Debug|Any CPU.ActiveCfg = Debug|Any CPU
		{B6E411A2-DFD8-461E-8207-BDBA405264CA}.Release|Any CPU.ActiveCfg = Release|Any CPU
		{B6E411A2-DFD8-461E-8207-BDBA405264CA}.v4.0-Debug|Any CPU.ActiveCfg = v4.0-Debug|Any CPU
		{B6E411A2-DFD8-461E-8207-BDBA405264CA}.v4.0-Release|Any CPU.ActiveCfg = v4.0-Release|Any CPU
		{A6E9D42C-935B-44D0-9FB0-E2E0319627D1}.Debug|Any CPU.ActiveCfg = Debug|Any CPU
		{A6E9D42C-935B-44D0-9FB0-E2E0319627D1}.Release|Any CPU.ActiveCfg = Release|Any CPU
		{A6E9D42C-935B-44D0-9FB0-E2E0319627D1}.v4.0-Debug|Any CPU.ActiveCfg = v4.0-Debug|Any CPU
		{A6E9D42C-935B-44D0-9FB0-E2E0319627D1}.v4.0-Release|Any CPU.ActiveCfg = v4.0-Release|Any CPU
		{097FA134-51A5-4801-AADD-A1914EAA32FF}.Debug|Any CPU.ActiveCfg = Debug|Any CPU
		{097FA134-51A5-4801-AADD-A1914EAA32FF}.Release|Any CPU.ActiveCfg = Release|Any CPU
		{097FA134-51A5-4801-AADD-A1914EAA32FF}.v4.0-Debug|Any CPU.ActiveCfg = v4.0-Debug|Any CPU
		{097FA134-51A5-4801-AADD-A1914EAA32FF}.v4.0-Release|Any CPU.ActiveCfg = v4.0-Release|Any CPU
		{C5E9D4B5-F9A8-4414-9B17-5A70DC2705C0}.Debug|Any CPU.ActiveCfg = Debug|Any CPU
		{C5E9D4B5-F9A8-4414-9B17-5A70DC2705C0}.Release|Any CPU.ActiveCfg = Release|Any CPU
		{C5E9D4B5-F9A8-4414-9B17-5A70DC2705C0}.v4.0-Debug|Any CPU.ActiveCfg = v4.0-Debug|Any CPU
		{C5E9D4B5-F9A8-4414-9B17-5A70DC2705C0}.v4.0-Release|Any CPU.ActiveCfg = v4.0-Release|Any CPU
		{F729FF99-2991-4819-9855-7CD7A1199089}.Debug|Any CPU.ActiveCfg = Debug|Any CPU
		{F729FF99-2991-4819-9855-7CD7A1199089}.Release|Any CPU.ActiveCfg = Release|Any CPU
		{F729FF99-2991-4819-9855-7CD7A1199089}.v4.0-Debug|Any CPU.ActiveCfg = v4.0-Debug|Any CPU
		{F729FF99-2991-4819-9855-7CD7A1199089}.v4.0-Release|Any CPU.ActiveCfg = v4.0-Release|Any CPU
		{448B761F-C033-447D-93D5-F4380A7DB0E2}.Debug|Any CPU.ActiveCfg = Debug|Any CPU
		{448B761F-C033-447D-93D5-F4380A7DB0E2}.Release|Any CPU.ActiveCfg = Release|Any CPU
		{448B761F-C033-447D-93D5-F4380A7DB0E2}.v4.0-Debug|Any CPU.ActiveCfg = v4.0-Debug|Any CPU
		{448B761F-C033-447D-93D5-F4380A7DB0E2}.v4.0-Release|Any CPU.ActiveCfg = v4.0-Release|Any CPU
		{5D39D68B-571F-4CB6-9909-AF58FD7B562F}.Debug|Any CPU.ActiveCfg = Debug|Any CPU
		{5D39D68B-571F-4CB6-9909-AF58FD7B562F}.Release|Any CPU.ActiveCfg = Release|Any CPU
		{5D39D68B-571F-4CB6-9909-AF58FD7B562F}.v4.0-Debug|Any CPU.ActiveCfg = v4.0-Debug|Any CPU
		{5D39D68B-571F-4CB6-9909-AF58FD7B562F}.v4.0-Release|Any CPU.ActiveCfg = v4.0-Release|Any CPU
		{9407D648-C4FC-4A84-821A-F5275E10FA1E}.Debug|Any CPU.ActiveCfg = Debug|Any CPU
		{9407D648-C4FC-4A84-821A-F5275E10FA1E}.Release|Any CPU.ActiveCfg = Release|Any CPU
		{9407D648-C4FC-4A84-821A-F5275E10FA1E}.v4.0-Debug|Any CPU.ActiveCfg = v4.0-Debug|Any CPU
		{9407D648-C4FC-4A84-821A-F5275E10FA1E}.v4.0-Release|Any CPU.ActiveCfg = v4.0-Release|Any CPU
		{127D3FB1-5E4A-41F3-9B19-6FA67A3DDCA3}.Debug|Any CPU.ActiveCfg = Debug|Any CPU
		{127D3FB1-5E4A-41F3-9B19-6FA67A3DDCA3}.Release|Any CPU.ActiveCfg = Release|Any CPU
		{127D3FB1-5E4A-41F3-9B19-6FA67A3DDCA3}.v4.0-Debug|Any CPU.ActiveCfg = v4.0-Debug|Any CPU
		{127D3FB1-5E4A-41F3-9B19-6FA67A3DDCA3}.v4.0-Release|Any CPU.ActiveCfg = v4.0-Release|Any CPU
		{D9756CE8-3C3B-46A6-916F-CB40E4E35978}.Debug|Any CPU.ActiveCfg = Debug|Any CPU
		{D9756CE8-3C3B-46A6-916F-CB40E4E35978}.Release|Any CPU.ActiveCfg = Release|Any CPU
		{D9756CE8-3C3B-46A6-916F-CB40E4E35978}.v4.0-Debug|Any CPU.ActiveCfg = v4.0-Debug|Any CPU
		{D9756CE8-3C3B-46A6-916F-CB40E4E35978}.v4.0-Release|Any CPU.ActiveCfg = v4.0-Release|Any CPU
		{052662DD-CAA7-4E24-98DE-16E51EFE0053}.Debug|Any CPU.ActiveCfg = Debug|Any CPU
		{052662DD-CAA7-4E24-98DE-16E51EFE0053}.Release|Any CPU.ActiveCfg = Release|Any CPU
		{052662DD-CAA7-4E24-98DE-16E51EFE0053}.v4.0-Debug|Any CPU.ActiveCfg = v4.0-Debug|Any CPU
		{052662DD-CAA7-4E24-98DE-16E51EFE0053}.v4.0-Release|Any CPU.ActiveCfg = v4.0-Release|Any CPU
	EndGlobalSection
	GlobalSection(SolutionProperties) = preSolution
		HideSolutionNode = FALSE
	EndGlobalSection
	GlobalSection(NestedProjects) = preSolution
		{37520277-6F32-4663-A126-9E185F23C8E1} = {A24009F2-84ED-4F0A-BC1C-8B05F474986A}
		{A2E07A76-8B2C-41A2-B23E-EA31AE94D706} = {4071E6E4-D401-4EF2-94B0-6F5257088116}
		{83195AEF-0071-471C-9E8B-E67211F5D028} = {4071E6E4-D401-4EF2-94B0-6F5257088116}
		{D0C39D9D-BED0-418B-9A5E-713176CAF40C} = {775C3C1A-44D3-41F4-9FC6-F83E39D3ABB8}
		{E06DEF77-F933-42FB-AFD7-DB2D0D8D6A98} = {775C3C1A-44D3-41F4-9FC6-F83E39D3ABB8}
		{644FE7D4-0184-400F-B2D7-99CB41360658} = {775C3C1A-44D3-41F4-9FC6-F83E39D3ABB8}
		{C7CD6A76-D941-493F-91F8-6222AB87BECA} = {A24009F2-84ED-4F0A-BC1C-8B05F474986A}
		{B6E411A2-DFD8-461E-8207-BDBA405264CA} = {A24009F2-84ED-4F0A-BC1C-8B05F474986A}
		{A6E9D42C-935B-44D0-9FB0-E2E0319627D1} = {A24009F2-84ED-4F0A-BC1C-8B05F474986A}
		{097FA134-51A5-4801-AADD-A1914EAA32FF} = {A24009F2-84ED-4F0A-BC1C-8B05F474986A}
		{C5E9D4B5-F9A8-4414-9B17-5A70DC2705C0} = {BA76BAF9-B8BB-46B3-89D2-3087524D80B0}
		{F729FF99-2991-4819-9855-7CD7A1199089} = {A24009F2-84ED-4F0A-BC1C-8B05F474986A}
		{448B761F-C033-447D-93D5-F4380A7DB0E2} = {A24009F2-84ED-4F0A-BC1C-8B05F474986A}
		{5D39D68B-571F-4CB6-9909-AF58FD7B562F} = {A24009F2-84ED-4F0A-BC1C-8B05F474986A}
		{9407D648-C4FC-4A84-821A-F5275E10FA1E} = {37520277-6F32-4663-A126-9E185F23C8E1}
		{127D3FB1-5E4A-41F3-9B19-6FA67A3DDCA3} = {37520277-6F32-4663-A126-9E185F23C8E1}
		{D9756CE8-3C3B-46A6-916F-CB40E4E35978} = {A24009F2-84ED-4F0A-BC1C-8B05F474986A}
		{052662DD-CAA7-4E24-98DE-16E51EFE0053} = {E51E18A0-B3C2-49AF-9307-E2451D8DA843}
	EndGlobalSection
EndGlobal
